
Microsoft Visual Studio Solution File, Format Version 12.00
# Visual Studio Version 17
VisualStudioVersion = 17.0.31912.275
MinimumVisualStudioVersion = 10.0.40219.1
Project("{FAE04EC0-301F-11D3-BF4B-00C04F79EFBC}") = "Author", "Author\Author.csproj", "{55F604D3-FA0F-47F5-AACF-F6CD2B83A1A4}"
EndProject
Global
	GlobalSection(SolutionConfigurationPlatforms) = preSolution
		Debug|Any CPU = Debug|Any CPU
		Release|Any CPU = Release|Any CPU
	EndGlobalSection
	GlobalSection(ProjectConfigurationPlatforms) = postSolution
		{55F604D3-FA0F-47F5-AACF-F6CD2B83A1A4}.Debug|Any CPU.ActiveCfg = Debug|Any CPU
		{55F604D3-FA0F-47F5-AACF-F6CD2B83A1A4}.Debug|Any CPU.Build.0 = Debug|Any CPU
		{55F604D3-FA0F-47F5-AACF-F6CD2B83A1A4}.Release|Any CPU.ActiveCfg = Release|Any CPU
		{55F604D3-FA0F-47F5-AACF-F6CD2B83A1A4}.Release|Any CPU.Build.0 = Release|Any CPU
	EndGlobalSection
	GlobalSection(SolutionProperties) = preSolution
		HideSolutionNode = FALSE
	EndGlobalSection
	GlobalSection(ExtensibilityGlobals) = postSolution
		SolutionGuid = {079DA45B-A6E7-4778-904C-4AB55783BC9A}
	EndGlobalSection
EndGlobal
