
Microsoft Visual Studio Solution File, Format Version 12.00
# Visual Studio Version 17
VisualStudioVersion = 17.0.31912.275
MinimumVisualStudioVersion = 10.0.40219.1
Project("{FAE04EC0-301F-11D3-BF4B-00C04F79EFBC}") = "Book_Review", "Book_Review\Book_Review.csproj", "{7A02BF20-0EF0-4430-B00D-D0AC720A846C}"
EndProject
Global
	GlobalSection(SolutionConfigurationPlatforms) = preSolution
		Debug|Any CPU = Debug|Any CPU
		Release|Any CPU = Release|Any CPU
	EndGlobalSection
	GlobalSection(ProjectConfigurationPlatforms) = postSolution
		{7A02BF20-0EF0-4430-B00D-D0AC720A846C}.Debug|Any CPU.ActiveCfg = Debug|Any CPU
		{7A02BF20-0EF0-4430-B00D-D0AC720A846C}.Debug|Any CPU.Build.0 = Debug|Any CPU
		{7A02BF20-0EF0-4430-B00D-D0AC720A846C}.Release|Any CPU.ActiveCfg = Release|Any CPU
		{7A02BF20-0EF0-4430-B00D-D0AC720A846C}.Release|Any CPU.Build.0 = Release|Any CPU
	EndGlobalSection
	GlobalSection(SolutionProperties) = preSolution
		HideSolutionNode = FALSE
	EndGlobalSection
	GlobalSection(ExtensibilityGlobals) = postSolution
		SolutionGuid = {AC830979-7CC0-4259-A609-3A465087463B}
	EndGlobalSection
EndGlobal
